// !$*UTF8*$!
{
	archiveVersion = 1;
	classes = {
	};
	objectVersion = 56;
	objects = {

/* Begin PBXBuildFile section */
		BDCA49282A379A13007984E7 /* AppDelegate.swift in Sources */ = {isa = PBXBuildFile; fileRef = BDCA49272A379A13007984E7 /* AppDelegate.swift */; };
		BDCA492A2A379A13007984E7 /* SceneDelegate.swift in Sources */ = {isa = PBXBuildFile; fileRef = BDCA49292A379A13007984E7 /* SceneDelegate.swift */; };
		BDCA492C2A379A13007984E7 /* ViewController.swift in Sources */ = {isa = PBXBuildFile; fileRef = BDCA492B2A379A13007984E7 /* ViewController.swift */; };
		BDCA492F2A379A13007984E7 /* Main.storyboard in Resources */ = {isa = PBXBuildFile; fileRef = BDCA492D2A379A13007984E7 /* Main.storyboard */; };
		BDCA49312A379A14007984E7 /* Assets.xcassets in Resources */ = {isa = PBXBuildFile; fileRef = BDCA49302A379A14007984E7 /* Assets.xcassets */; };
		BDCA49342A379A14007984E7 /* LaunchScreen.storyboard in Resources */ = {isa = PBXBuildFile; fileRef = BDCA49322A379A14007984E7 /* LaunchScreen.storyboard */; };
		BDCA493C2A379B0C007984E7 /* LoginView.swift in Sources */ = {isa = PBXBuildFile; fileRef = BDCA493B2A379B0C007984E7 /* LoginView.swift */; };
		BDCA493E2A379B24007984E7 /* LoginViewController.swift in Sources */ = {isa = PBXBuildFile; fileRef = BDCA493D2A379B24007984E7 /* LoginViewController.swift */; };
		BDCA49402A379B34007984E7 /* SignUpViewController.swift in Sources */ = {isa = PBXBuildFile; fileRef = BDCA493F2A379B34007984E7 /* SignUpViewController.swift */; };
		BDCA49422A379B46007984E7 /* SignUpView.swift in Sources */ = {isa = PBXBuildFile; fileRef = BDCA49412A379B46007984E7 /* SignUpView.swift */; };
		BDCA49442A379B58007984E7 /* HomeScreenView.swift in Sources */ = {isa = PBXBuildFile; fileRef = BDCA49432A379B58007984E7 /* HomeScreenView.swift */; };
		BDCA49462A379B6F007984E7 /* HomeScreenViewController.swift in Sources */ = {isa = PBXBuildFile; fileRef = BDCA49452A379B6F007984E7 /* HomeScreenViewController.swift */; };
		BDCA49482A379B81007984E7 /* CreateMovieViewController.swift in Sources */ = {isa = PBXBuildFile; fileRef = BDCA49472A379B81007984E7 /* CreateMovieViewController.swift */; };
		BDCA494A2A379B99007984E7 /* CreateMovieView.swift in Sources */ = {isa = PBXBuildFile; fileRef = BDCA49492A379B99007984E7 /* CreateMovieView.swift */; };
		BDCA494C2A379BAC007984E7 /* MoviePageView.swift in Sources */ = {isa = PBXBuildFile; fileRef = BDCA494B2A379BAC007984E7 /* MoviePageView.swift */; };
		BDCA494E2A379BCD007984E7 /* MoviePageViewController.swift in Sources */ = {isa = PBXBuildFile; fileRef = BDCA494D2A379BCD007984E7 /* MoviePageViewController.swift */; };
		BDCA49502A379BEA007984E7 /* ProfileViewController.swift in Sources */ = {isa = PBXBuildFile; fileRef = BDCA494F2A379BEA007984E7 /* ProfileViewController.swift */; };
		BDCA49522A379BFC007984E7 /* ProfileView.swift in Sources */ = {isa = PBXBuildFile; fileRef = BDCA49512A379BFC007984E7 /* ProfileView.swift */; };
		BDCA49542A379C23007984E7 /* APIConfigs.swift in Sources */ = {isa = PBXBuildFile; fileRef = BDCA49532A379C23007984E7 /* APIConfigs.swift */; };
		BDCA49562A379C40007984E7 /* Profile.swift in Sources */ = {isa = PBXBuildFile; fileRef = BDCA49552A379C40007984E7 /* Profile.swift */; };
		BDCA49582A379C4A007984E7 /* Movie.swift in Sources */ = {isa = PBXBuildFile; fileRef = BDCA49572A379C4A007984E7 /* Movie.swift */; };
		BDCA495D2A379F19007984E7 /* MovieTableViewCell.swift in Sources */ = {isa = PBXBuildFile; fileRef = BDCA495C2A379F19007984E7 /* MovieTableViewCell.swift */; };
		D7436379717B9DFFE7DBC883 /* Pods_ArtHaus.framework in Frameworks */ = {isa = PBXBuildFile; fileRef = B266126056F1E0CE536A479F /* Pods_ArtHaus.framework */; };
/* End PBXBuildFile section */

/* Begin PBXFileReference section */
		371E97C59CF987FAD68C7D88 /* Pods-ArtHaus.debug.xcconfig */ = {isa = PBXFileReference; includeInIndex = 1; lastKnownFileType = text.xcconfig; name = "Pods-ArtHaus.debug.xcconfig"; path = "Target Support Files/Pods-ArtHaus/Pods-ArtHaus.debug.xcconfig"; sourceTree = "<group>"; };
		8683D7CBC762B3E45725ACAF /* Pods-ArtHaus.release.xcconfig */ = {isa = PBXFileReference; includeInIndex = 1; lastKnownFileType = text.xcconfig; name = "Pods-ArtHaus.release.xcconfig"; path = "Target Support Files/Pods-ArtHaus/Pods-ArtHaus.release.xcconfig"; sourceTree = "<group>"; };
		B266126056F1E0CE536A479F /* Pods_ArtHaus.framework */ = {isa = PBXFileReference; explicitFileType = wrapper.framework; includeInIndex = 0; path = Pods_ArtHaus.framework; sourceTree = BUILT_PRODUCTS_DIR; };
		BDCA49242A379A13007984E7 /* ArtHaus.app */ = {isa = PBXFileReference; explicitFileType = wrapper.application; includeInIndex = 0; path = ArtHaus.app; sourceTree = BUILT_PRODUCTS_DIR; };
		BDCA49272A379A13007984E7 /* AppDelegate.swift */ = {isa = PBXFileReference; lastKnownFileType = sourcecode.swift; path = AppDelegate.swift; sourceTree = "<group>"; };
		BDCA49292A379A13007984E7 /* SceneDelegate.swift */ = {isa = PBXFileReference; lastKnownFileType = sourcecode.swift; path = SceneDelegate.swift; sourceTree = "<group>"; };
		BDCA492B2A379A13007984E7 /* ViewController.swift */ = {isa = PBXFileReference; lastKnownFileType = sourcecode.swift; path = ViewController.swift; sourceTree = "<group>"; };
		BDCA492E2A379A13007984E7 /* Base */ = {isa = PBXFileReference; lastKnownFileType = file.storyboard; name = Base; path = Base.lproj/Main.storyboard; sourceTree = "<group>"; };
		BDCA49302A379A14007984E7 /* Assets.xcassets */ = {isa = PBXFileReference; lastKnownFileType = folder.assetcatalog; path = Assets.xcassets; sourceTree = "<group>"; };
		BDCA49332A379A14007984E7 /* Base */ = {isa = PBXFileReference; lastKnownFileType = file.storyboard; name = Base; path = Base.lproj/LaunchScreen.storyboard; sourceTree = "<group>"; };
		BDCA49352A379A14007984E7 /* Info.plist */ = {isa = PBXFileReference; lastKnownFileType = text.plist.xml; path = Info.plist; sourceTree = "<group>"; };
		BDCA493B2A379B0C007984E7 /* LoginView.swift */ = {isa = PBXFileReference; lastKnownFileType = sourcecode.swift; path = LoginView.swift; sourceTree = "<group>"; };
		BDCA493D2A379B24007984E7 /* LoginViewController.swift */ = {isa = PBXFileReference; lastKnownFileType = sourcecode.swift; path = LoginViewController.swift; sourceTree = "<group>"; };
		BDCA493F2A379B34007984E7 /* SignUpViewController.swift */ = {isa = PBXFileReference; lastKnownFileType = sourcecode.swift; path = SignUpViewController.swift; sourceTree = "<group>"; };
		BDCA49412A379B46007984E7 /* SignUpView.swift */ = {isa = PBXFileReference; lastKnownFileType = sourcecode.swift; path = SignUpView.swift; sourceTree = "<group>"; };
		BDCA49432A379B58007984E7 /* HomeScreenView.swift */ = {isa = PBXFileReference; lastKnownFileType = sourcecode.swift; path = HomeScreenView.swift; sourceTree = "<group>"; };
		BDCA49452A379B6F007984E7 /* HomeScreenViewController.swift */ = {isa = PBXFileReference; lastKnownFileType = sourcecode.swift; path = HomeScreenViewController.swift; sourceTree = "<group>"; };
		BDCA49472A379B81007984E7 /* CreateMovieViewController.swift */ = {isa = PBXFileReference; lastKnownFileType = sourcecode.swift; path = CreateMovieViewController.swift; sourceTree = "<group>"; };
		BDCA49492A379B99007984E7 /* CreateMovieView.swift */ = {isa = PBXFileReference; lastKnownFileType = sourcecode.swift; path = CreateMovieView.swift; sourceTree = "<group>"; };
		BDCA494B2A379BAC007984E7 /* MoviePageView.swift */ = {isa = PBXFileReference; lastKnownFileType = sourcecode.swift; path = MoviePageView.swift; sourceTree = "<group>"; };
		BDCA494D2A379BCD007984E7 /* MoviePageViewController.swift */ = {isa = PBXFileReference; lastKnownFileType = sourcecode.swift; path = MoviePageViewController.swift; sourceTree = "<group>"; };
		BDCA494F2A379BEA007984E7 /* ProfileViewController.swift */ = {isa = PBXFileReference; lastKnownFileType = sourcecode.swift; path = ProfileViewController.swift; sourceTree = "<group>"; };
		BDCA49512A379BFC007984E7 /* ProfileView.swift */ = {isa = PBXFileReference; lastKnownFileType = sourcecode.swift; path = ProfileView.swift; sourceTree = "<group>"; };
		BDCA49532A379C23007984E7 /* APIConfigs.swift */ = {isa = PBXFileReference; lastKnownFileType = sourcecode.swift; path = APIConfigs.swift; sourceTree = "<group>"; };
		BDCA49552A379C40007984E7 /* Profile.swift */ = {isa = PBXFileReference; lastKnownFileType = sourcecode.swift; path = Profile.swift; sourceTree = "<group>"; };
		BDCA49572A379C4A007984E7 /* Movie.swift */ = {isa = PBXFileReference; lastKnownFileType = sourcecode.swift; path = Movie.swift; sourceTree = "<group>"; };
		BDCA495C2A379F19007984E7 /* MovieTableViewCell.swift */ = {isa = PBXFileReference; lastKnownFileType = sourcecode.swift; path = MovieTableViewCell.swift; sourceTree = "<group>"; };
/* End PBXFileReference section */

/* Begin PBXFrameworksBuildPhase section */
		BDCA49212A379A13007984E7 /* Frameworks */ = {
			isa = PBXFrameworksBuildPhase;
			buildActionMask = 2147483647;
			files = (
				D7436379717B9DFFE7DBC883 /* Pods_ArtHaus.framework in Frameworks */,
			);
			runOnlyForDeploymentPostprocessing = 0;
		};
/* End PBXFrameworksBuildPhase section */

/* Begin PBXGroup section */
		5304DD50B27BAE9C3BBF0529 /* Frameworks */ = {
			isa = PBXGroup;
			children = (
				B266126056F1E0CE536A479F /* Pods_ArtHaus.framework */,
			);
			name = Frameworks;
			sourceTree = "<group>";
		};
		A80576E8ADCFB668DC8AE0AB /* Pods */ = {
			isa = PBXGroup;
			children = (
				371E97C59CF987FAD68C7D88 /* Pods-ArtHaus.debug.xcconfig */,
				8683D7CBC762B3E45725ACAF /* Pods-ArtHaus.release.xcconfig */,
			);
			path = Pods;
			sourceTree = "<group>";
		};
		BDCA491B2A379A13007984E7 = {
			isa = PBXGroup;
			children = (
				BDCA49262A379A13007984E7 /* ArtHaus */,
				BDCA49252A379A13007984E7 /* Products */,
				A80576E8ADCFB668DC8AE0AB /* Pods */,
				5304DD50B27BAE9C3BBF0529 /* Frameworks */,
			);
			sourceTree = "<group>";
		};
		BDCA49252A379A13007984E7 /* Products */ = {
			isa = PBXGroup;
			children = (
				BDCA49242A379A13007984E7 /* ArtHaus.app */,
			);
			name = Products;
			sourceTree = "<group>";
		};
		BDCA49262A379A13007984E7 /* ArtHaus */ = {
			isa = PBXGroup;
			children = (
				BDCA494B2A379BAC007984E7 /* MoviePageView.swift */,
				BDCA494F2A379BEA007984E7 /* ProfileViewController.swift */,
				BDCA49512A379BFC007984E7 /* ProfileView.swift */,
				BDCA49272A379A13007984E7 /* AppDelegate.swift */,
				BDCA495C2A379F19007984E7 /* MovieTableViewCell.swift */,
				BDCA493B2A379B0C007984E7 /* LoginView.swift */,
				BDCA493D2A379B24007984E7 /* LoginViewController.swift */,
				BDCA493F2A379B34007984E7 /* SignUpViewController.swift */,
				BDCA49412A379B46007984E7 /* SignUpView.swift */,
				BDCA49432A379B58007984E7 /* HomeScreenView.swift */,
				BDCA49452A379B6F007984E7 /* HomeScreenViewController.swift */,
				BDCA49492A379B99007984E7 /* CreateMovieView.swift */,
				BDCA49532A379C23007984E7 /* APIConfigs.swift */,
				BDCA49592A379C4E007984E7 /* Data Structures */,
				BDCA49472A379B81007984E7 /* CreateMovieViewController.swift */,
				BDCA49292A379A13007984E7 /* SceneDelegate.swift */,
				BDCA492B2A379A13007984E7 /* ViewController.swift */,
				BDCA492D2A379A13007984E7 /* Main.storyboard */,
				BDCA49302A379A14007984E7 /* Assets.xcassets */,
				BDCA49322A379A14007984E7 /* LaunchScreen.storyboard */,
				BDCA49352A379A14007984E7 /* Info.plist */,
				BDCA494D2A379BCD007984E7 /* MoviePageViewController.swift */,
			);
			path = ArtHaus;
			sourceTree = "<group>";
		};
		BDCA49592A379C4E007984E7 /* Data Structures */ = {
			isa = PBXGroup;
			children = (
				BDCA49552A379C40007984E7 /* Profile.swift */,
				BDCA49572A379C4A007984E7 /* Movie.swift */,
			);
			path = "Data Structures";
			sourceTree = "<group>";
		};
/* End PBXGroup section */

/* Begin PBXNativeTarget section */
		BDCA49232A379A13007984E7 /* ArtHaus */ = {
			isa = PBXNativeTarget;
			buildConfigurationList = BDCA49382A379A14007984E7 /* Build configuration list for PBXNativeTarget "ArtHaus" */;
			buildPhases = (
				C3FDA8B6A7AB445891E297C3 /* [CP] Check Pods Manifest.lock */,
				BDCA49202A379A13007984E7 /* Sources */,
				BDCA49212A379A13007984E7 /* Frameworks */,
				BDCA49222A379A13007984E7 /* Resources */,
				02CF330DFD8C8765DCA517D0 /* [CP] Embed Pods Frameworks */,
			);
			buildRules = (
			);
			dependencies = (
			);
			name = ArtHaus;
			productName = ArtHaus;
			productReference = BDCA49242A379A13007984E7 /* ArtHaus.app */;
			productType = "com.apple.product-type.application";
		};
/* End PBXNativeTarget section */

/* Begin PBXProject section */
		BDCA491C2A379A13007984E7 /* Project object */ = {
			isa = PBXProject;
			attributes = {
				BuildIndependentTargetsInParallel = 1;
				LastSwiftUpdateCheck = 1430;
				LastUpgradeCheck = 1430;
				TargetAttributes = {
					BDCA49232A379A13007984E7 = {
						CreatedOnToolsVersion = 14.3.1;
					};
				};
			};
			buildConfigurationList = BDCA491F2A379A13007984E7 /* Build configuration list for PBXProject "ArtHaus" */;
			compatibilityVersion = "Xcode 14.0";
			developmentRegion = en;
			hasScannedForEncodings = 0;
			knownRegions = (
				en,
				Base,
			);
			mainGroup = BDCA491B2A379A13007984E7;
			productRefGroup = BDCA49252A379A13007984E7 /* Products */;
			projectDirPath = "";
			projectRoot = "";
			targets = (
				BDCA49232A379A13007984E7 /* ArtHaus */,
			);
		};
/* End PBXProject section */

/* Begin PBXResourcesBuildPhase section */
		BDCA49222A379A13007984E7 /* Resources */ = {
			isa = PBXResourcesBuildPhase;
			buildActionMask = 2147483647;
			files = (
				BDCA49342A379A14007984E7 /* LaunchScreen.storyboard in Resources */,
				BDCA49312A379A14007984E7 /* Assets.xcassets in Resources */,
				BDCA492F2A379A13007984E7 /* Main.storyboard in Resources */,
			);
			runOnlyForDeploymentPostprocessing = 0;
		};
/* End PBXResourcesBuildPhase section */

/* Begin PBXShellScriptBuildPhase section */
		02CF330DFD8C8765DCA517D0 /* [CP] Embed Pods Frameworks */ = {
			isa = PBXShellScriptBuildPhase;
			buildActionMask = 2147483647;
			files = (
			);
			inputFileListPaths = (
				"${PODS_ROOT}/Target Support Files/Pods-ArtHaus/Pods-ArtHaus-frameworks-${CONFIGURATION}-input-files.xcfilelist",
			);
			name = "[CP] Embed Pods Frameworks";
			outputFileListPaths = (
				"${PODS_ROOT}/Target Support Files/Pods-ArtHaus/Pods-ArtHaus-frameworks-${CONFIGURATION}-output-files.xcfilelist",
			);
			runOnlyForDeploymentPostprocessing = 0;
			shellPath = /bin/sh;
			shellScript = "\"${PODS_ROOT}/Target Support Files/Pods-ArtHaus/Pods-ArtHaus-frameworks.sh\"\n";
			showEnvVarsInLog = 0;
		};
		C3FDA8B6A7AB445891E297C3 /* [CP] Check Pods Manifest.lock */ = {
			isa = PBXShellScriptBuildPhase;
			buildActionMask = 2147483647;
			files = (
			);
			inputFileListPaths = (
			);
			inputPaths = (
				"${PODS_PODFILE_DIR_PATH}/Podfile.lock",
				"${PODS_ROOT}/Manifest.lock",
			);
			name = "[CP] Check Pods Manifest.lock";
			outputFileListPaths = (
			);
			outputPaths = (
				"$(DERIVED_FILE_DIR)/Pods-ArtHaus-checkManifestLockResult.txt",
			);
			runOnlyForDeploymentPostprocessing = 0;
			shellPath = /bin/sh;
			shellScript = "diff \"${PODS_PODFILE_DIR_PATH}/Podfile.lock\" \"${PODS_ROOT}/Manifest.lock\" > /dev/null\nif [ $? != 0 ] ; then\n    # print error to STDERR\n    echo \"error: The sandbox is not in sync with the Podfile.lock. Run 'pod install' or update your CocoaPods installation.\" >&2\n    exit 1\nfi\n# This output is used by Xcode 'outputs' to avoid re-running this script phase.\necho \"SUCCESS\" > \"${SCRIPT_OUTPUT_FILE_0}\"\n";
			showEnvVarsInLog = 0;
		};
/* End PBXShellScriptBuildPhase section */

/* Begin PBXSourcesBuildPhase section */
		BDCA49202A379A13007984E7 /* Sources */ = {
			isa = PBXSourcesBuildPhase;
			buildActionMask = 2147483647;
			files = (
				BDCA49562A379C40007984E7 /* Profile.swift in Sources */,
				BDCA49402A379B34007984E7 /* SignUpViewController.swift in Sources */,
				BDCA49582A379C4A007984E7 /* Movie.swift in Sources */,
				BDCA494E2A379BCD007984E7 /* MoviePageViewController.swift in Sources */,
				BDCA492C2A379A13007984E7 /* ViewController.swift in Sources */,
				BDCA49282A379A13007984E7 /* AppDelegate.swift in Sources */,
				BDCA49502A379BEA007984E7 /* ProfileViewController.swift in Sources */,
				BDCA49442A379B58007984E7 /* HomeScreenView.swift in Sources */,
				BDCA49422A379B46007984E7 /* SignUpView.swift in Sources */,
				BDCA49522A379BFC007984E7 /* ProfileView.swift in Sources */,
				BDCA49462A379B6F007984E7 /* HomeScreenViewController.swift in Sources */,
				BDCA493C2A379B0C007984E7 /* LoginView.swift in Sources */,
				BDCA494A2A379B99007984E7 /* CreateMovieView.swift in Sources */,
				BDCA493E2A379B24007984E7 /* LoginViewController.swift in Sources */,
				BDCA495D2A379F19007984E7 /* MovieTableViewCell.swift in Sources */,
				BDCA492A2A379A13007984E7 /* SceneDelegate.swift in Sources */,
				BDCA494C2A379BAC007984E7 /* MoviePageView.swift in Sources */,
				BDCA49542A379C23007984E7 /* APIConfigs.swift in Sources */,
				BDCA49482A379B81007984E7 /* CreateMovieViewController.swift in Sources */,
			);
			runOnlyForDeploymentPostprocessing = 0;
		};
/* End PBXSourcesBuildPhase section */

/* Begin PBXVariantGroup section */
		BDCA492D2A379A13007984E7 /* Main.storyboard */ = {
			isa = PBXVariantGroup;
			children = (
				BDCA492E2A379A13007984E7 /* Base */,
			);
			name = Main.storyboard;
			sourceTree = "<group>";
		};
		BDCA49322A379A14007984E7 /* LaunchScreen.storyboard */ = {
			isa = PBXVariantGroup;
			children = (
				BDCA49332A379A14007984E7 /* Base */,
			);
			name = LaunchScreen.storyboard;
			sourceTree = "<group>";
		};
/* End PBXVariantGroup section */

/* Begin XCBuildConfiguration section */
		BDCA49362A379A14007984E7 /* Debug */ = {
			isa = XCBuildConfiguration;
			buildSettings = {
				ALWAYS_SEARCH_USER_PATHS = NO;
				CLANG_ANALYZER_NONNULL = YES;
				CLANG_ANALYZER_NUMBER_OBJECT_CONVERSION = YES_AGGRESSIVE;
				CLANG_CXX_LANGUAGE_STANDARD = "gnu++20";
				CLANG_ENABLE_MODULES = YES;
				CLANG_ENABLE_OBJC_ARC = YES;
				CLANG_ENABLE_OBJC_WEAK = YES;
				CLANG_WARN_BLOCK_CAPTURE_AUTORELEASING = YES;
				CLANG_WARN_BOOL_CONVERSION = YES;
				CLANG_WARN_COMMA = YES;
				CLANG_WARN_CONSTANT_CONVERSION = YES;
				CLANG_WARN_DEPRECATED_OBJC_IMPLEMENTATIONS = YES;
				CLANG_WARN_DIRECT_OBJC_ISA_USAGE = YES_ERROR;
				CLANG_WARN_DOCUMENTATION_COMMENTS = YES;
				CLANG_WARN_EMPTY_BODY = YES;
				CLANG_WARN_ENUM_CONVERSION = YES;
				CLANG_WARN_INFINITE_RECURSION = YES;
				CLANG_WARN_INT_CONVERSION = YES;
				CLANG_WARN_NON_LITERAL_NULL_CONVERSION = YES;
				CLANG_WARN_OBJC_IMPLICIT_RETAIN_SELF = YES;
				CLANG_WARN_OBJC_LITERAL_CONVERSION = YES;
				CLANG_WARN_OBJC_ROOT_CLASS = YES_ERROR;
				CLANG_WARN_QUOTED_INCLUDE_IN_FRAMEWORK_HEADER = YES;
				CLANG_WARN_RANGE_LOOP_ANALYSIS = YES;
				CLANG_WARN_STRICT_PROTOTYPES = YES;
				CLANG_WARN_SUSPICIOUS_MOVE = YES;
				CLANG_WARN_UNGUARDED_AVAILABILITY = YES_AGGRESSIVE;
				CLANG_WARN_UNREACHABLE_CODE = YES;
				CLANG_WARN__DUPLICATE_METHOD_MATCH = YES;
				COPY_PHASE_STRIP = NO;
				DEBUG_INFORMATION_FORMAT = dwarf;
				ENABLE_STRICT_OBJC_MSGSEND = YES;
				ENABLE_TESTABILITY = YES;
				GCC_C_LANGUAGE_STANDARD = gnu11;
				GCC_DYNAMIC_NO_PIC = NO;
				GCC_NO_COMMON_BLOCKS = YES;
				GCC_OPTIMIZATION_LEVEL = 0;
				GCC_PREPROCESSOR_DEFINITIONS = (
					"DEBUG=1",
					"$(inherited)",
				);
				GCC_WARN_64_TO_32_BIT_CONVERSION = YES;
				GCC_WARN_ABOUT_RETURN_TYPE = YES_ERROR;
				GCC_WARN_UNDECLARED_SELECTOR = YES;
				GCC_WARN_UNINITIALIZED_AUTOS = YES_AGGRESSIVE;
				GCC_WARN_UNUSED_FUNCTION = YES;
				GCC_WARN_UNUSED_VARIABLE = YES;
				IPHONEOS_DEPLOYMENT_TARGET = 16.4;
				MTL_ENABLE_DEBUG_INFO = INCLUDE_SOURCE;
				MTL_FAST_MATH = YES;
				ONLY_ACTIVE_ARCH = YES;
				SDKROOT = iphoneos;
				SWIFT_ACTIVE_COMPILATION_CONDITIONS = DEBUG;
				SWIFT_OPTIMIZATION_LEVEL = "-Onone";
			};
			name = Debug;
		};
		BDCA49372A379A14007984E7 /* Release */ = {
			isa = XCBuildConfiguration;
			buildSettings = {
				ALWAYS_SEARCH_USER_PATHS = NO;
				CLANG_ANALYZER_NONNULL = YES;
				CLANG_ANALYZER_NUMBER_OBJECT_CONVERSION = YES_AGGRESSIVE;
				CLANG_CXX_LANGUAGE_STANDARD = "gnu++20";
				CLANG_ENABLE_MODULES = YES;
				CLANG_ENABLE_OBJC_ARC = YES;
				CLANG_ENABLE_OBJC_WEAK = YES;
				CLANG_WARN_BLOCK_CAPTURE_AUTORELEASING = YES;
				CLANG_WARN_BOOL_CONVERSION = YES;
				CLANG_WARN_COMMA = YES;
				CLANG_WARN_CONSTANT_CONVERSION = YES;
				CLANG_WARN_DEPRECATED_OBJC_IMPLEMENTATIONS = YES;
				CLANG_WARN_DIRECT_OBJC_ISA_USAGE = YES_ERROR;
				CLANG_WARN_DOCUMENTATION_COMMENTS = YES;
				CLANG_WARN_EMPTY_BODY = YES;
				CLANG_WARN_ENUM_CONVERSION = YES;
				CLANG_WARN_INFINITE_RECURSION = YES;
				CLANG_WARN_INT_CONVERSION = YES;
				CLANG_WARN_NON_LITERAL_NULL_CONVERSION = YES;
				CLANG_WARN_OBJC_IMPLICIT_RETAIN_SELF = YES;
				CLANG_WARN_OBJC_LITERAL_CONVERSION = YES;
				CLANG_WARN_OBJC_ROOT_CLASS = YES_ERROR;
				CLANG_WARN_QUOTED_INCLUDE_IN_FRAMEWORK_HEADER = YES;
				CLANG_WARN_RANGE_LOOP_ANALYSIS = YES;
				CLANG_WARN_STRICT_PROTOTYPES = YES;
				CLANG_WARN_SUSPICIOUS_MOVE = YES;
				CLANG_WARN_UNGUARDED_AVAILABILITY = YES_AGGRESSIVE;
				CLANG_WARN_UNREACHABLE_CODE = YES;
				CLANG_WARN__DUPLICATE_METHOD_MATCH = YES;
				COPY_PHASE_STRIP = NO;
				DEBUG_INFORMATION_FORMAT = "dwarf-with-dsym";
				ENABLE_NS_ASSERTIONS = NO;
				ENABLE_STRICT_OBJC_MSGSEND = YES;
				GCC_C_LANGUAGE_STANDARD = gnu11;
				GCC_NO_COMMON_BLOCKS = YES;
				GCC_WARN_64_TO_32_BIT_CONVERSION = YES;
				GCC_WARN_ABOUT_RETURN_TYPE = YES_ERROR;
				GCC_WARN_UNDECLARED_SELECTOR = YES;
				GCC_WARN_UNINITIALIZED_AUTOS = YES_AGGRESSIVE;
				GCC_WARN_UNUSED_FUNCTION = YES;
				GCC_WARN_UNUSED_VARIABLE = YES;
				IPHONEOS_DEPLOYMENT_TARGET = 16.4;
				MTL_ENABLE_DEBUG_INFO = NO;
				MTL_FAST_MATH = YES;
				SDKROOT = iphoneos;
				SWIFT_COMPILATION_MODE = wholemodule;
				SWIFT_OPTIMIZATION_LEVEL = "-O";
				VALIDATE_PRODUCT = YES;
			};
			name = Release;
		};
		BDCA49392A379A14007984E7 /* Debug */ = {
			isa = XCBuildConfiguration;
			baseConfigurationReference = 371E97C59CF987FAD68C7D88 /* Pods-ArtHaus.debug.xcconfig */;
			buildSettings = {
				ASSETCATALOG_COMPILER_APPICON_NAME = AppIcon;
				ASSETCATALOG_COMPILER_GLOBAL_ACCENT_COLOR_NAME = AccentColor;
				CODE_SIGN_STYLE = Automatic;
				CURRENT_PROJECT_VERSION = 1;
				DEVELOPMENT_TEAM = XHS9QQ3CQY;
				GENERATE_INFOPLIST_FILE = YES;
				INFOPLIST_FILE = ArtHaus/Info.plist;
				INFOPLIST_KEY_UIApplicationSupportsIndirectInputEvents = YES;
				INFOPLIST_KEY_UILaunchStoryboardName = LaunchScreen;
				INFOPLIST_KEY_UIMainStoryboardFile = Main;
				INFOPLIST_KEY_UISupportedInterfaceOrientations_iPad = "UIInterfaceOrientationPortrait UIInterfaceOrientationPortraitUpsideDown UIInterfaceOrientationLandscapeLeft UIInterfaceOrientationLandscapeRight";
				INFOPLIST_KEY_UISupportedInterfaceOrientations_iPhone = "UIInterfaceOrientationPortrait UIInterfaceOrientationLandscapeLeft UIInterfaceOrientationLandscapeRight";
				LD_RUNPATH_SEARCH_PATHS = (
					"$(inherited)",
					"@executable_path/Frameworks",
				);
				MARKETING_VERSION = 1.0;
				PRODUCT_BUNDLE_IDENTIFIER = com.ArtHaus;
				PRODUCT_NAME = "$(TARGET_NAME)";
				SWIFT_EMIT_LOC_STRINGS = YES;
				SWIFT_VERSION = 5.0;
				TARGETED_DEVICE_FAMILY = "1,2";
			};
			name = Debug;
		};
		BDCA493A2A379A14007984E7 /* Release */ = {
			isa = XCBuildConfiguration;
			baseConfigurationReference = 8683D7CBC762B3E45725ACAF /* Pods-ArtHaus.release.xcconfig */;
			buildSettings = {
				ASSETCATALOG_COMPILER_APPICON_NAME = AppIcon;
				ASSETCATALOG_COMPILER_GLOBAL_ACCENT_COLOR_NAME = AccentColor;
				CODE_SIGN_STYLE = Automatic;
				CURRENT_PROJECT_VERSION = 1;
				DEVELOPMENT_TEAM = XHS9QQ3CQY;
				GENERATE_INFOPLIST_FILE = YES;
				INFOPLIST_FILE = ArtHaus/Info.plist;
				INFOPLIST_KEY_UIApplicationSupportsIndirectInputEvents = YES;
				INFOPLIST_KEY_UILaunchStoryboardName = LaunchScreen;
				INFOPLIST_KEY_UIMainStoryboardFile = Main;
				INFOPLIST_KEY_UISupportedInterfaceOrientations_iPad = "UIInterfaceOrientationPortrait UIInterfaceOrientationPortraitUpsideDown UIInterfaceOrientationLandscapeLeft UIInterfaceOrientationLandscapeRight";
				INFOPLIST_KEY_UISupportedInterfaceOrientations_iPhone = "UIInterfaceOrientationPortrait UIInterfaceOrientationLandscapeLeft UIInterfaceOrientationLandscapeRight";
				LD_RUNPATH_SEARCH_PATHS = (
					"$(inherited)",
					"@executable_path/Frameworks",
				);
				MARKETING_VERSION = 1.0;
				PRODUCT_BUNDLE_IDENTIFIER = com.ArtHaus;
				PRODUCT_NAME = "$(TARGET_NAME)";
				SWIFT_EMIT_LOC_STRINGS = YES;
				SWIFT_VERSION = 5.0;
				TARGETED_DEVICE_FAMILY = "1,2";
			};
			name = Release;
		};
/* End XCBuildConfiguration section */

/* Begin XCConfigurationList section */
		BDCA491F2A379A13007984E7 /* Build configuration list for PBXProject "ArtHaus" */ = {
			isa = XCConfigurationList;
			buildConfigurations = (
				BDCA49362A379A14007984E7 /* Debug */,
				BDCA49372A379A14007984E7 /* Release */,
			);
			defaultConfigurationIsVisible = 0;
			defaultConfigurationName = Release;
		};
		BDCA49382A379A14007984E7 /* Build configuration list for PBXNativeTarget "ArtHaus" */ = {
			isa = XCConfigurationList;
			buildConfigurations = (
				BDCA49392A379A14007984E7 /* Debug */,
				BDCA493A2A379A14007984E7 /* Release */,
			);
			defaultConfigurationIsVisible = 0;
			defaultConfigurationName = Release;
		};
/* End XCConfigurationList section */
	};
	rootObject = BDCA491C2A379A13007984E7 /* Project object */;
}
